// !$*UTF8*$!
{
	archiveVersion = 1;
	classes = {
	};
	objectVersion = 50;
	objects = {

/* Begin PBXBuildFile section */
		E50BDF1024D966500010B85B /* AppDelegate.m in Sources */ = {isa = PBXBuildFile; fileRef = E50BDF0F24D966500010B85B /* AppDelegate.m */; };
		E50BDF1324D966500010B85B /* SceneDelegate.m in Sources */ = {isa = PBXBuildFile; fileRef = E50BDF1224D966500010B85B /* SceneDelegate.m */; };
		E50BDF1624D966500010B85B /* ViewController.m in Sources */ = {isa = PBXBuildFile; fileRef = E50BDF1524D966500010B85B /* ViewController.m */; };
		E50BDF1924D966500010B85B /* Main.storyboard in Resources */ = {isa = PBXBuildFile; fileRef = E50BDF1724D966500010B85B /* Main.storyboard */; };
		E50BDF1B24D966530010B85B /* Assets.xcassets in Resources */ = {isa = PBXBuildFile; fileRef = E50BDF1A24D966530010B85B /* Assets.xcassets */; };
		E50BDF1E24D966530010B85B /* LaunchScreen.storyboard in Resources */ = {isa = PBXBuildFile; fileRef = E50BDF1C24D966530010B85B /* LaunchScreen.storyboard */; };
		E50BDF2124D966530010B85B /* main.m in Sources */ = {isa = PBXBuildFile; fileRef = E50BDF2024D966530010B85B /* main.m */; };
		E5D992D424DA88810077675B /* DataTransHubEbook.m in Sources */ = {isa = PBXBuildFile; fileRef = E5D992D324DA88810077675B /* DataTransHubEbook.m */; };
		E5D992FD24DA96180077675B /* DataTransHub.framework in Frameworks */ = {isa = PBXBuildFile; fileRef = E5D992FC24DA96180077675B /* DataTransHub.framework */; };
		E5D992FE24DA96180077675B /* DataTransHub.framework in Embed Frameworks */ = {isa = PBXBuildFile; fileRef = E5D992FC24DA96180077675B /* DataTransHub.framework */; settings = {ATTRIBUTES = (CodeSignOnCopy, RemoveHeadersOnCopy, ); }; };
		E5D9930224DA97430077675B /* libc++.1.tbd in Frameworks */ = {isa = PBXBuildFile; fileRef = E5D9930124DA97090077675B /* libc++.1.tbd */; };
		E5D9930324DA974A0077675B /* libz.tbd in Frameworks */ = {isa = PBXBuildFile; fileRef = E5D9930024DA96FE0077675B /* libz.tbd */; };
/* End PBXBuildFile section */

/* Begin PBXCopyFilesBuildPhase section */
		E5D992DA24DA8E120077675B /* Embed Frameworks */ = {
			isa = PBXCopyFilesBuildPhase;
			buildActionMask = 2147483647;
			dstPath = "";
			dstSubfolderSpec = 10;
			files = (
				E5D992FE24DA96180077675B /* DataTransHub.framework in Embed Frameworks */,
			);
			name = "Embed Frameworks";
			runOnlyForDeploymentPostprocessing = 0;
		};
/* End PBXCopyFilesBuildPhase section */

/* Begin PBXFileReference section */
		E50BDF0B24D966500010B85B /* DataTransHubSample.app */ = {isa = PBXFileReference; explicitFileType = wrapper.application; includeInIndex = 0; path = DataTransHubSample.app; sourceTree = BUILT_PRODUCTS_DIR; };
		E50BDF0E24D966500010B85B /* AppDelegate.h */ = {isa = PBXFileReference; lastKnownFileType = sourcecode.c.h; path = AppDelegate.h; sourceTree = "<group>"; };
		E50BDF0F24D966500010B85B /* AppDelegate.m */ = {isa = PBXFileReference; lastKnownFileType = sourcecode.c.objc; path = AppDelegate.m; sourceTree = "<group>"; };
		E50BDF1124D966500010B85B /* SceneDelegate.h */ = {isa = PBXFileReference; lastKnownFileType = sourcecode.c.h; path = SceneDelegate.h; sourceTree = "<group>"; };
		E50BDF1224D966500010B85B /* SceneDelegate.m */ = {isa = PBXFileReference; lastKnownFileType = sourcecode.c.objc; path = SceneDelegate.m; sourceTree = "<group>"; };
		E50BDF1424D966500010B85B /* ViewController.h */ = {isa = PBXFileReference; lastKnownFileType = sourcecode.c.h; path = ViewController.h; sourceTree = "<group>"; };
		E50BDF1524D966500010B85B /* ViewController.m */ = {isa = PBXFileReference; lastKnownFileType = sourcecode.c.objc; path = ViewController.m; sourceTree = "<group>"; };
		E50BDF1824D966500010B85B /* Base */ = {isa = PBXFileReference; lastKnownFileType = file.storyboard; name = Base; path = Base.lproj/Main.storyboard; sourceTree = "<group>"; };
		E50BDF1A24D966530010B85B /* Assets.xcassets */ = {isa = PBXFileReference; lastKnownFileType = folder.assetcatalog; path = Assets.xcassets; sourceTree = "<group>"; };
		E50BDF1D24D966530010B85B /* Base */ = {isa = PBXFileReference; lastKnownFileType = file.storyboard; name = Base; path = Base.lproj/LaunchScreen.storyboard; sourceTree = "<group>"; };
		E50BDF1F24D966530010B85B /* Info.plist */ = {isa = PBXFileReference; lastKnownFileType = text.plist.xml; path = Info.plist; sourceTree = "<group>"; };
		E50BDF2024D966530010B85B /* main.m */ = {isa = PBXFileReference; lastKnownFileType = sourcecode.c.objc; path = main.m; sourceTree = "<group>"; };
		E5D992D224DA88810077675B /* DataTransHubEbook.h */ = {isa = PBXFileReference; lastKnownFileType = sourcecode.c.h; path = DataTransHubEbook.h; sourceTree = "<group>"; };
		E5D992D324DA88810077675B /* DataTransHubEbook.m */ = {isa = PBXFileReference; lastKnownFileType = sourcecode.c.objc; path = DataTransHubEbook.m; sourceTree = "<group>"; };
		E5D992FC24DA96180077675B /* DataTransHub.framework */ = {isa = PBXFileReference; lastKnownFileType = wrapper.framework; name = DataTransHub.framework; path = DataTransHubSample/DataTransHub.framework; sourceTree = "<group>"; };
		E5D9930024DA96FE0077675B /* libz.tbd */ = {isa = PBXFileReference; lastKnownFileType = "sourcecode.text-based-dylib-definition"; name = libz.tbd; path = usr/lib/libz.tbd; sourceTree = SDKROOT; };
		E5D9930124DA97090077675B /* libc++.1.tbd */ = {isa = PBXFileReference; lastKnownFileType = "sourcecode.text-based-dylib-definition"; name = "libc++.1.tbd"; path = "usr/lib/libc++.1.tbd"; sourceTree = SDKROOT; };
/* End PBXFileReference section */

/* Begin PBXFrameworksBuildPhase section */
		E50BDF0824D966500010B85B /* Frameworks */ = {
			isa = PBXFrameworksBuildPhase;
			buildActionMask = 2147483647;
			files = (
				E5D992FD24DA96180077675B /* DataTransHub.framework in Frameworks */,
				E5D9930324DA974A0077675B /* libz.tbd in Frameworks */,
				E5D9930224DA97430077675B /* libc++.1.tbd in Frameworks */,
			);
			runOnlyForDeploymentPostprocessing = 0;
		};
/* End PBXFrameworksBuildPhase section */

/* Begin PBXGroup section */
		E50BDF0224D966500010B85B = {
			isa = PBXGroup;
			children = (
				E50BDF0D24D966500010B85B /* DataTransHubSample */,
				E50BDF0C24D966500010B85B /* Products */,
				E5D992FB24DA96180077675B /* Frameworks */,
			);
			sourceTree = "<group>";
		};
		E50BDF0C24D966500010B85B /* Products */ = {
			isa = PBXGroup;
			children = (
				E50BDF0B24D966500010B85B /* DataTransHubSample.app */,
			);
			name = Products;
			sourceTree = "<group>";
		};
		E50BDF0D24D966500010B85B /* DataTransHubSample */ = {
			isa = PBXGroup;
			children = (
				E50BDF0E24D966500010B85B /* AppDelegate.h */,
				E50BDF0F24D966500010B85B /* AppDelegate.m */,
				E50BDF1124D966500010B85B /* SceneDelegate.h */,
				E50BDF1224D966500010B85B /* SceneDelegate.m */,
				E50BDF1424D966500010B85B /* ViewController.h */,
				E50BDF1524D966500010B85B /* ViewController.m */,
				E50BDF1724D966500010B85B /* Main.storyboard */,
				E50BDF1A24D966530010B85B /* Assets.xcassets */,
				E50BDF1C24D966530010B85B /* LaunchScreen.storyboard */,
				E50BDF1F24D966530010B85B /* Info.plist */,
				E50BDF2024D966530010B85B /* main.m */,
				E5D992D224DA88810077675B /* DataTransHubEbook.h */,
				E5D992D324DA88810077675B /* DataTransHubEbook.m */,
			);
			path = DataTransHubSample;
			sourceTree = "<group>";
		};
		E5D992FB24DA96180077675B /* Frameworks */ = {
			isa = PBXGroup;
			children = (
				E5D9930124DA97090077675B /* libc++.1.tbd */,
				E5D9930024DA96FE0077675B /* libz.tbd */,
				E5D992FC24DA96180077675B /* DataTransHub.framework */,
			);
			name = Frameworks;
			sourceTree = "<group>";
		};
/* End PBXGroup section */

/* Begin PBXNativeTarget section */
		E50BDF0A24D966500010B85B /* DataTransHubSample */ = {
			isa = PBXNativeTarget;
			buildConfigurationList = E50BDF2424D966530010B85B /* Build configuration list for PBXNativeTarget "DataTransHubSample" */;
			buildPhases = (
				E50BDF0724D966500010B85B /* Sources */,
				E50BDF0824D966500010B85B /* Frameworks */,
				E50BDF0924D966500010B85B /* Resources */,
				E5D992DA24DA8E120077675B /* Embed Frameworks */,
			);
			buildRules = (
			);
			dependencies = (
			);
			name = DataTransHubSample;
			productName = DataTransHubSample;
			productReference = E50BDF0B24D966500010B85B /* DataTransHubSample.app */;
			productType = "com.apple.product-type.application";
		};
/* End PBXNativeTarget section */

/* Begin PBXProject section */
		E50BDF0324D966500010B85B /* Project object */ = {
			isa = PBXProject;
			attributes = {
				LastUpgradeCheck = 1160;
				ORGANIZATIONNAME = "北";
				TargetAttributes = {
					E50BDF0A24D966500010B85B = {
						CreatedOnToolsVersion = 11.6;
					};
				};
			};
			buildConfigurationList = E50BDF0624D966500010B85B /* Build configuration list for PBXProject "DataTransHubSample" */;
			compatibilityVersion = "Xcode 9.3";
			developmentRegion = en;
			hasScannedForEncodings = 0;
			knownRegions = (
				en,
				Base,
			);
			mainGroup = E50BDF0224D966500010B85B;
			productRefGroup = E50BDF0C24D966500010B85B /* Products */;
			projectDirPath = "";
			projectRoot = "";
			targets = (
				E50BDF0A24D966500010B85B /* DataTransHubSample */,
			);
		};
/* End PBXProject section */

/* Begin PBXResourcesBuildPhase section */
		E50BDF0924D966500010B85B /* Resources */ = {
			isa = PBXResourcesBuildPhase;
			buildActionMask = 2147483647;
			files = (
				E50BDF1E24D966530010B85B /* LaunchScreen.storyboard in Resources */,
				E50BDF1B24D966530010B85B /* Assets.xcassets in Resources */,
				E50BDF1924D966500010B85B /* Main.storyboard in Resources */,
			);
			runOnlyForDeploymentPostprocessing = 0;
		};
/* End PBXResourcesBuildPhase section */

/* Begin PBXSourcesBuildPhase section */
		E50BDF0724D966500010B85B /* Sources */ = {
			isa = PBXSourcesBuildPhase;
			buildActionMask = 2147483647;
			files = (
				E50BDF1624D966500010B85B /* ViewController.m in Sources */,
				E50BDF1024D966500010B85B /* AppDelegate.m in Sources */,
				E50BDF2124D966530010B85B /* main.m in Sources */,
				E50BDF1324D966500010B85B /* SceneDelegate.m in Sources */,
				E5D992D424DA88810077675B /* DataTransHubEbook.m in Sources */,
			);
			runOnlyForDeploymentPostprocessing = 0;
		};
/* End PBXSourcesBuildPhase section */

/* Begin PBXVariantGroup section */
		E50BDF1724D966500010B85B /* Main.storyboard */ = {
			isa = PBXVariantGroup;
			children = (
				E50BDF1824D966500010B85B /* Base */,
			);
			name = Main.storyboard;
			sourceTree = "<group>";
		};
		E50BDF1C24D966530010B85B /* LaunchScreen.storyboard */ = {
			isa = PBXVariantGroup;
			children = (
				E50BDF1D24D966530010B85B /* Base */,
			);
			name = LaunchScreen.storyboard;
			sourceTree = "<group>";
		};
/* End PBXVariantGroup section */

/* Begin XCBuildConfiguration section */
		E50BDF2224D966530010B85B /* Debug */ = {
			isa = XCBuildConfiguration;
			buildSettings = {
				ALWAYS_SEARCH_USER_PATHS = NO;
				CLANG_ANALYZER_NONNULL = YES;
				CLANG_ANALYZER_NUMBER_OBJECT_CONVERSION = YES_AGGRESSIVE;
				CLANG_CXX_LANGUAGE_STANDARD = "gnu++14";
				CLANG_CXX_LIBRARY = "libc++";
				CLANG_ENABLE_MODULES = YES;
				CLANG_ENABLE_OBJC_ARC = YES;
				CLANG_ENABLE_OBJC_WEAK = YES;
				CLANG_WARN_BLOCK_CAPTURE_AUTORELEASING = YES;
				CLANG_WARN_BOOL_CONVERSION = YES;
				CLANG_WARN_COMMA = YES;
				CLANG_WARN_CONSTANT_CONVERSION = YES;
				CLANG_WARN_DEPRECATED_OBJC_IMPLEMENTATIONS = YES;
				CLANG_WARN_DIRECT_OBJC_ISA_USAGE = YES_ERROR;
				CLANG_WARN_DOCUMENTATION_COMMENTS = YES;
				CLANG_WARN_EMPTY_BODY = YES;
				CLANG_WARN_ENUM_CONVERSION = YES;
				CLANG_WARN_INFINITE_RECURSION = YES;
				CLANG_WARN_INT_CONVERSION = YES;
				CLANG_WARN_NON_LITERAL_NULL_CONVERSION = YES;
				CLANG_WARN_OBJC_IMPLICIT_RETAIN_SELF = YES;
				CLANG_WARN_OBJC_LITERAL_CONVERSION = YES;
				CLANG_WARN_OBJC_ROOT_CLASS = YES_ERROR;
				CLANG_WARN_RANGE_LOOP_ANALYSIS = YES;
				CLANG_WARN_STRICT_PROTOTYPES = YES;
				CLANG_WARN_SUSPICIOUS_MOVE = YES;
				CLANG_WARN_UNGUARDED_AVAILABILITY = YES_AGGRESSIVE;
				CLANG_WARN_UNREACHABLE_CODE = YES;
				CLANG_WARN__DUPLICATE_METHOD_MATCH = YES;
				COPY_PHASE_STRIP = NO;
				DEBUG_INFORMATION_FORMAT = dwarf;
				ENABLE_STRICT_OBJC_MSGSEND = YES;
				ENABLE_TESTABILITY = YES;
				GCC_C_LANGUAGE_STANDARD = gnu11;
				GCC_DYNAMIC_NO_PIC = NO;
				GCC_NO_COMMON_BLOCKS = YES;
				GCC_OPTIMIZATION_LEVEL = 0;
				GCC_PREPROCESSOR_DEFINITIONS = (
					"DEBUG=1",
					"$(inherited)",
				);
				GCC_WARN_64_TO_32_BIT_CONVERSION = YES;
				GCC_WARN_ABOUT_RETURN_TYPE = YES_ERROR;
				GCC_WARN_UNDECLARED_SELECTOR = YES;
				GCC_WARN_UNINITIALIZED_AUTOS = YES_AGGRESSIVE;
				GCC_WARN_UNUSED_FUNCTION = YES;
				GCC_WARN_UNUSED_VARIABLE = YES;
				IPHONEOS_DEPLOYMENT_TARGET = 13.6;
				MTL_ENABLE_DEBUG_INFO = INCLUDE_SOURCE;
				MTL_FAST_MATH = YES;
				ONLY_ACTIVE_ARCH = YES;
				SDKROOT = iphoneos;
			};
			name = Debug;
		};
		E50BDF2324D966530010B85B /* Release */ = {
			isa = XCBuildConfiguration;
			buildSettings = {
				ALWAYS_SEARCH_USER_PATHS = NO;
				CLANG_ANALYZER_NONNULL = YES;
				CLANG_ANALYZER_NUMBER_OBJECT_CONVERSION = YES_AGGRESSIVE;
				CLANG_CXX_LANGUAGE_STANDARD = "gnu++14";
				CLANG_CXX_LIBRARY = "libc++";
				CLANG_ENABLE_MODULES = YES;
				CLANG_ENABLE_OBJC_ARC = YES;
				CLANG_ENABLE_OBJC_WEAK = YES;
				CLANG_WARN_BLOCK_CAPTURE_AUTORELEASING = YES;
				CLANG_WARN_BOOL_CONVERSION = YES;
				CLANG_WARN_COMMA = YES;
				CLANG_WARN_CONSTANT_CONVERSION = YES;
				CLANG_WARN_DEPRECATED_OBJC_IMPLEMENTATIONS = YES;
				CLANG_WARN_DIRECT_OBJC_ISA_USAGE = YES_ERROR;
				CLANG_WARN_DOCUMENTATION_COMMENTS = YES;
				CLANG_WARN_EMPTY_BODY = YES;
				CLANG_WARN_ENUM_CONVERSION = YES;
				CLANG_WARN_INFINITE_RECURSION = YES;
				CLANG_WARN_INT_CONVERSION = YES;
				CLANG_WARN_NON_LITERAL_NULL_CONVERSION = YES;
				CLANG_WARN_OBJC_IMPLICIT_RETAIN_SELF = YES;
				CLANG_WARN_OBJC_LITERAL_CONVERSION = YES;
				CLANG_WARN_OBJC_ROOT_CLASS = YES_ERROR;
				CLANG_WARN_RANGE_LOOP_ANALYSIS = YES;
				CLANG_WARN_STRICT_PROTOTYPES = YES;
				CLANG_WARN_SUSPICIOUS_MOVE = YES;
				CLANG_WARN_UNGUARDED_AVAILABILITY = YES_AGGRESSIVE;
				CLANG_WARN_UNREACHABLE_CODE = YES;
				CLANG_WARN__DUPLICATE_METHOD_MATCH = YES;
				COPY_PHASE_STRIP = NO;
				DEBUG_INFORMATION_FORMAT = "dwarf-with-dsym";
				ENABLE_NS_ASSERTIONS = NO;
				ENABLE_STRICT_OBJC_MSGSEND = YES;
				GCC_C_LANGUAGE_STANDARD = gnu11;
				GCC_NO_COMMON_BLOCKS = YES;
				GCC_WARN_64_TO_32_BIT_CONVERSION = YES;
				GCC_WARN_ABOUT_RETURN_TYPE = YES_ERROR;
				GCC_WARN_UNDECLARED_SELECTOR = YES;
				GCC_WARN_UNINITIALIZED_AUTOS = YES_AGGRESSIVE;
				GCC_WARN_UNUSED_FUNCTION = YES;
				GCC_WARN_UNUSED_VARIABLE = YES;
				IPHONEOS_DEPLOYMENT_TARGET = 13.6;
				MTL_ENABLE_DEBUG_INFO = NO;
				MTL_FAST_MATH = YES;
				SDKROOT = iphoneos;
				VALIDATE_PRODUCT = YES;
			};
			name = Release;
		};
		E50BDF2524D966530010B85B /* Debug */ = {
			isa = XCBuildConfiguration;
			buildSettings = {
				ASSETCATALOG_COMPILER_APPICON_NAME = AppIcon;
				CLANG_CXX_LANGUAGE_STANDARD = "c++0x";
				CODE_SIGN_STYLE = Automatic;
				FRAMEWORK_SEARCH_PATHS = "$(PROJECT_DIR)/DataTransHubSample";
				INFOPLIST_FILE = DataTransHubSample/Info.plist;
				IPHONEOS_DEPLOYMENT_TARGET = 13.0;
				LD_RUNPATH_SEARCH_PATHS = (
					"$(inherited)",
					"@executable_path/Frameworks",
				);
				PRODUCT_BUNDLE_IDENTIFIER = com.luojilab.DataTransHubSample;
				PRODUCT_NAME = "$(TARGET_NAME)";
				TARGETED_DEVICE_FAMILY = "1,2";
			};
			name = Debug;
		};
		E50BDF2624D966530010B85B /* Release */ = {
			isa = XCBuildConfiguration;
			buildSettings = {
				ASSETCATALOG_COMPILER_APPICON_NAME = AppIcon;
				CLANG_CXX_LANGUAGE_STANDARD = "c++0x";
				CODE_SIGN_STYLE = Automatic;
				FRAMEWORK_SEARCH_PATHS = "$(PROJECT_DIR)/DataTransHubSample";
				INFOPLIST_FILE = DataTransHubSample/Info.plist;
				IPHONEOS_DEPLOYMENT_TARGET = 13.0;
				LD_RUNPATH_SEARCH_PATHS = (
					"$(inherited)",
					"@executable_path/Frameworks",
				);
				PRODUCT_BUNDLE_IDENTIFIER = com.luojilab.DataTransHubSample;
				PRODUCT_NAME = "$(TARGET_NAME)";
				TARGETED_DEVICE_FAMILY = "1,2";
			};
			name = Release;
		};
/* End XCBuildConfiguration section */

/* Begin XCConfigurationList section */
		E50BDF0624D966500010B85B /* Build configuration list for PBXProject "DataTransHubSample" */ = {
			isa = XCConfigurationList;
			buildConfigurations = (
				E50BDF2224D966530010B85B /* Debug */,
				E50BDF2324D966530010B85B /* Release */,
			);
			defaultConfigurationIsVisible = 0;
			defaultConfigurationName = Release;
		};
		E50BDF2424D966530010B85B /* Build configuration list for PBXNativeTarget "DataTransHubSample" */ = {
			isa = XCConfigurationList;
			buildConfigurations = (
				E50BDF2524D966530010B85B /* Debug */,
				E50BDF2624D966530010B85B /* Release */,
			);
			defaultConfigurationIsVisible = 0;
			defaultConfigurationName = Release;
		};
/* End XCConfigurationList section */
	};
	rootObject = E50BDF0324D966500010B85B /* Project object */;
}
